<Solution>
  <Folder Name="/src/">
    <Project Path="src/AorusLcd.Core/AorusLcd.Core.csproj" />
    <Project Path="src/AorusLcd.Gui/AorusLcd.Gui.csproj" />
    <Project Path="src/AorusLcd.Service/AorusLcd.Service.csproj" />
  </Folder>
  <Folder Name="/tests/">
    <Project Path="tests/AorusLcd.Tests/AorusLcd.Tests.csproj" />
  </Folder>
</Solution>
